// !$*UTF8*$!
{
	archiveVersion = 1;
	classes = {
	};
	objectVersion = 50;
	objects = {

/* Begin PBXBuildFile section */
		4B34D4B52450FB0600855734 /* AppDelegate.swift in Sources */ = {isa = PBXBuildFile; fileRef = 4B34D4B42450FB0600855734 /* AppDelegate.swift */; };
		4B34D4B72450FB0600855734 /* SceneDelegate.swift in Sources */ = {isa = PBXBuildFile; fileRef = 4B34D4B62450FB0600855734 /* SceneDelegate.swift */; };
		4B34D4BE2450FB0800855734 /* Assets.xcassets in Resources */ = {isa = PBXBuildFile; fileRef = 4B34D4BD2450FB0800855734 /* Assets.xcassets */; };
		4B34D4C12450FB0800855734 /* LaunchScreen.storyboard in Resources */ = {isa = PBXBuildFile; fileRef = 4B34D4BF2450FB0800855734 /* LaunchScreen.storyboard */; };
		4B34D4C92450FC5900855734 /* PageController.swift in Sources */ = {isa = PBXBuildFile; fileRef = 4B34D4C82450FC5900855734 /* PageController.swift */; };
		4B34D4CB2450FC6F00855734 /* PageCell.swift in Sources */ = {isa = PBXBuildFile; fileRef = 4B34D4CA2450FC6F00855734 /* PageCell.swift */; };
		4B34D4CD2451020F00855734 /* HomeCollectionController.swift in Sources */ = {isa = PBXBuildFile; fileRef = 4B34D4CC2451020F00855734 /* HomeCollectionController.swift */; };
		4B34D4D4245105B300855734 /* HomeCell.swift in Sources */ = {isa = PBXBuildFile; fileRef = 4B34D4D3245105B300855734 /* HomeCell.swift */; };
/* End PBXBuildFile section */

/* Begin PBXFileReference section */
		4B34D4B12450FB0600855734 /* Paging.app */ = {isa = PBXFileReference; explicitFileType = wrapper.application; includeInIndex = 0; path = Paging.app; sourceTree = BUILT_PRODUCTS_DIR; };
		4B34D4B42450FB0600855734 /* AppDelegate.swift */ = {isa = PBXFileReference; lastKnownFileType = sourcecode.swift; path = AppDelegate.swift; sourceTree = "<group>"; };
		4B34D4B62450FB0600855734 /* SceneDelegate.swift */ = {isa = PBXFileReference; lastKnownFileType = sourcecode.swift; path = SceneDelegate.swift; sourceTree = "<group>"; };
		4B34D4BD2450FB0800855734 /* Assets.xcassets */ = {isa = PBXFileReference; lastKnownFileType = folder.assetcatalog; path = Assets.xcassets; sourceTree = "<group>"; };
		4B34D4C02450FB0800855734 /* Base */ = {isa = PBXFileReference; lastKnownFileType = file.storyboard; name = Base; path = Base.lproj/LaunchScreen.storyboard; sourceTree = "<group>"; };
		4B34D4C22450FB0800855734 /* Info.plist */ = {isa = PBXFileReference; lastKnownFileType = text.plist.xml; path = Info.plist; sourceTree = "<group>"; };
		4B34D4C82450FC5900855734 /* PageController.swift */ = {isa = PBXFileReference; lastKnownFileType = sourcecode.swift; path = PageController.swift; sourceTree = "<group>"; };
		4B34D4CA2450FC6F00855734 /* PageCell.swift */ = {isa = PBXFileReference; lastKnownFileType = sourcecode.swift; path = PageCell.swift; sourceTree = "<group>"; };
		4B34D4CC2451020F00855734 /* HomeCollectionController.swift */ = {isa = PBXFileReference; fileEncoding = 4; lastKnownFileType = sourcecode.swift; path = HomeCollectionController.swift; sourceTree = "<group>"; };
		4B34D4D3245105B300855734 /* HomeCell.swift */ = {isa = PBXFileReference; lastKnownFileType = sourcecode.swift; path = HomeCell.swift; sourceTree = "<group>"; };
/* End PBXFileReference section */

/* Begin PBXFrameworksBuildPhase section */
		4B34D4AE2450FB0600855734 /* Frameworks */ = {
			isa = PBXFrameworksBuildPhase;
			buildActionMask = 2147483647;
			files = (
			);
			runOnlyForDeploymentPostprocessing = 0;
		};
/* End PBXFrameworksBuildPhase section */

/* Begin PBXGroup section */
		4B34D4A82450FB0600855734 = {
			isa = PBXGroup;
			children = (
				4B34D4B32450FB0600855734 /* Paging */,
				4B34D4D5245105F900855734 /* Support */,
				4B34D4B22450FB0600855734 /* Products */,
			);
			sourceTree = "<group>";
		};
		4B34D4B22450FB0600855734 /* Products */ = {
			isa = PBXGroup;
			children = (
				4B34D4B12450FB0600855734 /* Paging.app */,
			);
			name = Products;
			sourceTree = "<group>";
		};
		4B34D4B32450FB0600855734 /* Paging */ = {
			isa = PBXGroup;
			children = (
				4B34D4B42450FB0600855734 /* AppDelegate.swift */,
				4B34D4B62450FB0600855734 /* SceneDelegate.swift */,
				4B34D4CC2451020F00855734 /* HomeCollectionController.swift */,
				4B34D4C22450FB0800855734 /* Info.plist */,
				4B34D4C82450FC5900855734 /* PageController.swift */,
				4B34D4CA2450FC6F00855734 /* PageCell.swift */,
				4B34D4D3245105B300855734 /* HomeCell.swift */,
			);
			path = Paging;
			sourceTree = "<group>";
		};
		4B34D4D5245105F900855734 /* Support */ = {
			isa = PBXGroup;
			children = (
				4B34D4BD2450FB0800855734 /* Assets.xcassets */,
				4B34D4BF2450FB0800855734 /* LaunchScreen.storyboard */,
			);
			path = Support;
			sourceTree = "<group>";
		};
/* End PBXGroup section */

/* Begin PBXNativeTarget section */
		4B34D4B02450FB0600855734 /* Paging */ = {
			isa = PBXNativeTarget;
			buildConfigurationList = 4B34D4C52450FB0800855734 /* Build configuration list for PBXNativeTarget "Paging" */;
			buildPhases = (
				4B34D4AD2450FB0600855734 /* Sources */,
				4B34D4AE2450FB0600855734 /* Frameworks */,
				4B34D4AF2450FB0600855734 /* Resources */,
			);
			buildRules = (
			);
			dependencies = (
			);
			name = Paging;
			productName = Paging;
			productReference = 4B34D4B12450FB0600855734 /* Paging.app */;
			productType = "com.apple.product-type.application";
		};
/* End PBXNativeTarget section */

/* Begin PBXProject section */
		4B34D4A92450FB0600855734 /* Project object */ = {
			isa = PBXProject;
			attributes = {
				LastSwiftUpdateCheck = 1140;
				LastUpgradeCheck = 1140;
				ORGANIZATIONNAME = "Apple Inc.";
				TargetAttributes = {
					4B34D4B02450FB0600855734 = {
						CreatedOnToolsVersion = 11.4;
					};
				};
			};
			buildConfigurationList = 4B34D4AC2450FB0600855734 /* Build configuration list for PBXProject "Paging" */;
			compatibilityVersion = "Xcode 9.3";
			developmentRegion = en;
			hasScannedForEncodings = 0;
			knownRegions = (
				en,
				Base,
			);
			mainGroup = 4B34D4A82450FB0600855734;
			productRefGroup = 4B34D4B22450FB0600855734 /* Products */;
			projectDirPath = "";
			projectRoot = "";
			targets = (
				4B34D4B02450FB0600855734 /* Paging */,
			);
		};
/* End PBXProject section */

/* Begin PBXResourcesBuildPhase section */
		4B34D4AF2450FB0600855734 /* Resources */ = {
			isa = PBXResourcesBuildPhase;
			buildActionMask = 2147483647;
			files = (
				4B34D4C12450FB0800855734 /* LaunchScreen.storyboard in Resources */,
				4B34D4BE2450FB0800855734 /* Assets.xcassets in Resources */,
			);
			runOnlyForDeploymentPostprocessing = 0;
		};
/* End PBXResourcesBuildPhase section */

/* Begin PBXSourcesBuildPhase section */
		4B34D4AD2450FB0600855734 /* Sources */ = {
			isa = PBXSourcesBuildPhase;
			buildActionMask = 2147483647;
			files = (
				4B34D4CD2451020F00855734 /* HomeCollectionController.swift in Sources */,
				4B34D4C92450FC5900855734 /* PageController.swift in Sources */,
				4B34D4CB2450FC6F00855734 /* PageCell.swift in Sources */,
				4B34D4B52450FB0600855734 /* AppDelegate.swift in Sources */,
				4B34D4D4245105B300855734 /* HomeCell.swift in Sources */,
				4B34D4B72450FB0600855734 /* SceneDelegate.swift in Sources */,
			);
			runOnlyForDeploymentPostprocessing = 0;
		};
/* End PBXSourcesBuildPhase section */

/* Begin PBXVariantGroup section */
		4B34D4BF2450FB0800855734 /* LaunchScreen.storyboard */ = {
			isa = PBXVariantGroup;
			children = (
				4B34D4C02450FB0800855734 /* Base */,
			);
			name = LaunchScreen.storyboard;
			sourceTree = "<group>";
		};
/* End PBXVariantGroup section */

/* Begin XCBuildConfiguration section */
		4B34D4C32450FB0800855734 /* Debug */ = {
			isa = XCBuildConfiguration;
			buildSettings = {
				ALWAYS_SEARCH_USER_PATHS = NO;
				CLANG_ANALYZER_NONNULL = YES;
				CLANG_ANALYZER_NUMBER_OBJECT_CONVERSION = YES_AGGRESSIVE;
				CLANG_CXX_LANGUAGE_STANDARD = "gnu++14";
				CLANG_CXX_LIBRARY = "libc++";
				CLANG_ENABLE_MODULES = YES;
				CLANG_ENABLE_OBJC_ARC = YES;
				CLANG_ENABLE_OBJC_WEAK = YES;
				CLANG_WARN_BLOCK_CAPTURE_AUTORELEASING = YES;
				CLANG_WARN_BOOL_CONVERSION = YES;
				CLANG_WARN_COMMA = YES;
				CLANG_WARN_CONSTANT_CONVERSION = YES;
				CLANG_WARN_DEPRECATED_OBJC_IMPLEMENTATIONS = YES;
				CLANG_WARN_DIRECT_OBJC_ISA_USAGE = YES_ERROR;
				CLANG_WARN_DOCUMENTATION_COMMENTS = YES;
				CLANG_WARN_EMPTY_BODY = YES;
				CLANG_WARN_ENUM_CONVERSION = YES;
				CLANG_WARN_INFINITE_RECURSION = YES;
				CLANG_WARN_INT_CONVERSION = YES;
				CLANG_WARN_NON_LITERAL_NULL_CONVERSION = YES;
				CLANG_WARN_OBJC_IMPLICIT_RETAIN_SELF = YES;
				CLANG_WARN_OBJC_LITERAL_CONVERSION = YES;
				CLANG_WARN_OBJC_ROOT_CLASS = YES_ERROR;
				CLANG_WARN_RANGE_LOOP_ANALYSIS = YES;
				CLANG_WARN_STRICT_PROTOTYPES = YES;
				CLANG_WARN_SUSPICIOUS_MOVE = YES;
				CLANG_WARN_UNGUARDED_AVAILABILITY = YES_AGGRESSIVE;
				CLANG_WARN_UNREACHABLE_CODE = YES;
				CLANG_WARN__DUPLICATE_METHOD_MATCH = YES;
				COPY_PHASE_STRIP = NO;
				DEBUG_INFORMATION_FORMAT = dwarf;
				ENABLE_STRICT_OBJC_MSGSEND = YES;
				ENABLE_TESTABILITY = YES;
				GCC_C_LANGUAGE_STANDARD = gnu11;
				GCC_DYNAMIC_NO_PIC = NO;
				GCC_NO_COMMON_BLOCKS = YES;
				GCC_OPTIMIZATION_LEVEL = 0;
				GCC_PREPROCESSOR_DEFINITIONS = (
					"DEBUG=1",
					"$(inherited)",
				);
				GCC_WARN_64_TO_32_BIT_CONVERSION = YES;
				GCC_WARN_ABOUT_RETURN_TYPE = YES_ERROR;
				GCC_WARN_UNDECLARED_SELECTOR = YES;
				GCC_WARN_UNINITIALIZED_AUTOS = YES_AGGRESSIVE;
				GCC_WARN_UNUSED_FUNCTION = YES;
				GCC_WARN_UNUSED_VARIABLE = YES;
				IPHONEOS_DEPLOYMENT_TARGET = 13.4;
				MTL_ENABLE_DEBUG_INFO = INCLUDE_SOURCE;
				MTL_FAST_MATH = YES;
				ONLY_ACTIVE_ARCH = YES;
				SDKROOT = iphoneos;
				SWIFT_ACTIVE_COMPILATION_CONDITIONS = DEBUG;
				SWIFT_OPTIMIZATION_LEVEL = "-Onone";
			};
			name = Debug;
		};
		4B34D4C42450FB0800855734 /* Release */ = {
			isa = XCBuildConfiguration;
			buildSettings = {
				ALWAYS_SEARCH_USER_PATHS = NO;
				CLANG_ANALYZER_NONNULL = YES;
				CLANG_ANALYZER_NUMBER_OBJECT_CONVERSION = YES_AGGRESSIVE;
				CLANG_CXX_LANGUAGE_STANDARD = "gnu++14";
				CLANG_CXX_LIBRARY = "libc++";
				CLANG_ENABLE_MODULES = YES;
				CLANG_ENABLE_OBJC_ARC = YES;
				CLANG_ENABLE_OBJC_WEAK = YES;
				CLANG_WARN_BLOCK_CAPTURE_AUTORELEASING = YES;
				CLANG_WARN_BOOL_CONVERSION = YES;
				CLANG_WARN_COMMA = YES;
				CLANG_WARN_CONSTANT_CONVERSION = YES;
				CLANG_WARN_DEPRECATED_OBJC_IMPLEMENTATIONS = YES;
				CLANG_WARN_DIRECT_OBJC_ISA_USAGE = YES_ERROR;
				CLANG_WARN_DOCUMENTATION_COMMENTS = YES;
				CLANG_WARN_EMPTY_BODY = YES;
				CLANG_WARN_ENUM_CONVERSION = YES;
				CLANG_WARN_INFINITE_RECURSION = YES;
				CLANG_WARN_INT_CONVERSION = YES;
				CLANG_WARN_NON_LITERAL_NULL_CONVERSION = YES;
				CLANG_WARN_OBJC_IMPLICIT_RETAIN_SELF = YES;
				CLANG_WARN_OBJC_LITERAL_CONVERSION = YES;
				CLANG_WARN_OBJC_ROOT_CLASS = YES_ERROR;
				CLANG_WARN_RANGE_LOOP_ANALYSIS = YES;
				CLANG_WARN_STRICT_PROTOTYPES = YES;
				CLANG_WARN_SUSPICIOUS_MOVE = YES;
				CLANG_WARN_UNGUARDED_AVAILABILITY = YES_AGGRESSIVE;
				CLANG_WARN_UNREACHABLE_CODE = YES;
				CLANG_WARN__DUPLICATE_METHOD_MATCH = YES;
				COPY_PHASE_STRIP = NO;
				DEBUG_INFORMATION_FORMAT = "dwarf-with-dsym";
				ENABLE_NS_ASSERTIONS = NO;
				ENABLE_STRICT_OBJC_MSGSEND = YES;
				GCC_C_LANGUAGE_STANDARD = gnu11;
				GCC_NO_COMMON_BLOCKS = YES;
				GCC_WARN_64_TO_32_BIT_CONVERSION = YES;
				GCC_WARN_ABOUT_RETURN_TYPE = YES_ERROR;
				GCC_WARN_UNDECLARED_SELECTOR = YES;
				GCC_WARN_UNINITIALIZED_AUTOS = YES_AGGRESSIVE;
				GCC_WARN_UNUSED_FUNCTION = YES;
				GCC_WARN_UNUSED_VARIABLE = YES;
				IPHONEOS_DEPLOYMENT_TARGET = 13.4;
				MTL_ENABLE_DEBUG_INFO = NO;
				MTL_FAST_MATH = YES;
				SDKROOT = iphoneos;
				SWIFT_COMPILATION_MODE = wholemodule;
				SWIFT_OPTIMIZATION_LEVEL = "-O";
				VALIDATE_PRODUCT = YES;
			};
			name = Release;
		};
		4B34D4C62450FB0800855734 /* Debug */ = {
			isa = XCBuildConfiguration;
			buildSettings = {
				ASSETCATALOG_COMPILER_APPICON_NAME = AppIcon;
				CODE_SIGN_STYLE = Automatic;
				INFOPLIST_FILE = Paging/Info.plist;
				LD_RUNPATH_SEARCH_PATHS = (
					"$(inherited)",
					"@executable_path/Frameworks",
				);
				PRODUCT_BUNDLE_IDENTIFIER = com.apple.support.Paging;
				PRODUCT_NAME = "$(TARGET_NAME)";
				SWIFT_VERSION = 5.0;
				TARGETED_DEVICE_FAMILY = "1,2";
			};
			name = Debug;
		};
		4B34D4C72450FB0800855734 /* Release */ = {
			isa = XCBuildConfiguration;
			buildSettings = {
				ASSETCATALOG_COMPILER_APPICON_NAME = AppIcon;
				CODE_SIGN_STYLE = Automatic;
				INFOPLIST_FILE = Paging/Info.plist;
				LD_RUNPATH_SEARCH_PATHS = (
					"$(inherited)",
					"@executable_path/Frameworks",
				);
				PRODUCT_BUNDLE_IDENTIFIER = com.apple.support.Paging;
				PRODUCT_NAME = "$(TARGET_NAME)";
				SWIFT_VERSION = 5.0;
				TARGETED_DEVICE_FAMILY = "1,2";
			};
			name = Release;
		};
/* End XCBuildConfiguration section */

/* Begin XCConfigurationList section */
		4B34D4AC2450FB0600855734 /* Build configuration list for PBXProject "Paging" */ = {
			isa = XCConfigurationList;
			buildConfigurations = (
				4B34D4C32450FB0800855734 /* Debug */,
				4B34D4C42450FB0800855734 /* Release */,
			);
			defaultConfigurationIsVisible = 0;
			defaultConfigurationName = Release;
		};
		4B34D4C52450FB0800855734 /* Build configuration list for PBXNativeTarget "Paging" */ = {
			isa = XCConfigurationList;
			buildConfigurations = (
				4B34D4C62450FB0800855734 /* Debug */,
				4B34D4C72450FB0800855734 /* Release */,
			);
			defaultConfigurationIsVisible = 0;
			defaultConfigurationName = Release;
		};
/* End XCConfigurationList section */
	};
	rootObject = 4B34D4A92450FB0600855734 /* Project object */;
}
